
Microsoft Visual Studio Solution File, Format Version 12.00
# Visual Studio Version 17
VisualStudioVersion = 17.10.35122.118
MinimumVisualStudioVersion = 10.0.40219.1
Project("{FAE04EC0-301F-11D3-BF4B-00C04F79EFBC}") = "AplicacaoMVCLinq", "AplicacaoMVCLinq\AplicacaoMVCLinq.csproj", "{62F3099F-6966-4E23-AE62-834628D906A7}"
EndProject
Global
	GlobalSection(SolutionConfigurationPlatforms) = preSolution
		Debug|Any CPU = Debug|Any CPU
		Release|Any CPU = Release|Any CPU
	EndGlobalSection
	GlobalSection(ProjectConfigurationPlatforms) = postSolution
		{62F3099F-6966-4E23-AE62-834628D906A7}.Debug|Any CPU.ActiveCfg = Debug|Any CPU
		{62F3099F-6966-4E23-AE62-834628D906A7}.Debug|Any CPU.Build.0 = Debug|Any CPU
		{62F3099F-6966-4E23-AE62-834628D906A7}.Release|Any CPU.ActiveCfg = Release|Any CPU
		{62F3099F-6966-4E23-AE62-834628D906A7}.Release|Any CPU.Build.0 = Release|Any CPU
	EndGlobalSection
	GlobalSection(SolutionProperties) = preSolution
		HideSolutionNode = FALSE
	EndGlobalSection
	GlobalSection(ExtensibilityGlobals) = postSolution
		SolutionGuid = {9E9DBA1B-9E3F-4B4B-BF3F-153F1D7AFD49}
	EndGlobalSection
EndGlobal
